<Solution>
  <Folder Name="/Solution Items/">
    <File Path="CHANGELOG.md" />
    <File Path="global.json" />
    <File Path="README.md" />
  </Folder>
  <Folder Name="/src/">
    <Project Path="Contoso.ChatHub.Flow/Contoso.ChatHub.Flow.csproj" />
    <Project Path="Contoso.ChatHub/Contoso.ChatHub.csproj" />
  </Folder>
  <Folder Name="/test/">
    <Project Path="Contoso.ChatHub.Flow.Test/Contoso.ChatHub.Flow.Test.csproj" />
    <Project Path="Contoso.ChatHub.Test/Contoso.ChatHub.Test.csproj" />
  </Folder>
</Solution>
